
Microsoft Visual Studio Solution File, Format Version 12.00
# Visual Studio 14
VisualStudioVersion = 14.0.24720.0
MinimumVisualStudioVersion = 10.0.40219.1
Project("{FAE04EC0-301F-11D3-BF4B-00C04F79EFBC}") = "ConvertKitSharp", "ConvertKitSharp\ConvertKitSharp.csproj", "{49841ADB-BFA8-46B4-BA6B-361B893E333E}"
EndProject
Project("{FAE04EC0-301F-11D3-BF4B-00C04F79EFBC}") = "ConvertKitSharp.Tests", "ConvertKitSharp.Tests\ConvertKitSharp.Tests.csproj", "{43D4F0A0-8918-4E41-9D6A-4B84AA70BC1E}"
EndProject
Global
	GlobalSection(SolutionConfigurationPlatforms) = preSolution
		Debug|Any CPU = Debug|Any CPU
		Release|Any CPU = Release|Any CPU
	EndGlobalSection
	GlobalSection(ProjectConfigurationPlatforms) = postSolution
		{49841ADB-BFA8-46B4-BA6B-361B893E333E}.Debug|Any CPU.ActiveCfg = Debug|Any CPU
		{49841ADB-BFA8-46B4-BA6B-361B893E333E}.Debug|Any CPU.Build.0 = Debug|Any CPU
		{49841ADB-BFA8-46B4-BA6B-361B893E333E}.Release|Any CPU.ActiveCfg = Release|Any CPU
		{49841ADB-BFA8-46B4-BA6B-361B893E333E}.Release|Any CPU.Build.0 = Release|Any CPU
		{43D4F0A0-8918-4E41-9D6A-4B84AA70BC1E}.Debug|Any CPU.ActiveCfg = Debug|Any CPU
		{43D4F0A0-8918-4E41-9D6A-4B84AA70BC1E}.Debug|Any CPU.Build.0 = Debug|Any CPU
		{43D4F0A0-8918-4E41-9D6A-4B84AA70BC1E}.Release|Any CPU.ActiveCfg = Release|Any CPU
		{43D4F0A0-8918-4E41-9D6A-4B84AA70BC1E}.Release|Any CPU.Build.0 = Release|Any CPU
	EndGlobalSection
	GlobalSection(SolutionProperties) = preSolution
		HideSolutionNode = FALSE
	EndGlobalSection
EndGlobal
